
Microsoft Visual Studio Solution File, Format Version 12.00
# Visual Studio Version 17
VisualStudioVersion = 17.0.32112.339
MinimumVisualStudioVersion = 10.0.40219.1
Project("{888888A0-9F3D-457C-B088-3A5042F75D52}") = "PythonMenu", "PythonMenu\PythonMenu.pyproj", "{CED85DE6-CE42-4952-A4C3-BDBA5D56F7D9}"
EndProject
Global
	GlobalSection(SolutionConfigurationPlatforms) = preSolution
		Debug|Any CPU = Debug|Any CPU
		Release|Any CPU = Release|Any CPU
	EndGlobalSection
	GlobalSection(ProjectConfigurationPlatforms) = postSolution
		{CED85DE6-CE42-4952-A4C3-BDBA5D56F7D9}.Debug|Any CPU.ActiveCfg = Debug|Any CPU
		{CED85DE6-CE42-4952-A4C3-BDBA5D56F7D9}.Release|Any CPU.ActiveCfg = Release|Any CPU
	EndGlobalSection
	GlobalSection(SolutionProperties) = preSolution
		HideSolutionNode = FALSE
	EndGlobalSection
	GlobalSection(ExtensibilityGlobals) = postSolution
		SolutionGuid = {E9F07FA3-8691-4A8A-8C99-C5F0A33B5526}
	EndGlobalSection
EndGlobal
